
Microsoft Visual Studio Solution File, Format Version 12.00
# Visual Studio Version 16
VisualStudioVersion = 16.0.32106.194
MinimumVisualStudioVersion = 10.0.40219.1
Project("{FAE04EC0-301F-11D3-BF4B-00C04F79EFBC}") = "TD_EInvoice_VBT", "TD_EInvoice_VBT\TD_EInvoice_VBT.csproj", "{63619EA4-3DE3-49F4-B3AC-1C07971DA273}"
EndProject
Global
	GlobalSection(SolutionConfigurationPlatforms) = preSolution
		Debug|Any CPU = Debug|Any CPU
		Release|Any CPU = Release|Any CPU
	EndGlobalSection
	GlobalSection(ProjectConfigurationPlatforms) = postSolution
		{63619EA4-3DE3-49F4-B3AC-1C07971DA273}.Debug|Any CPU.ActiveCfg = Debug|Any CPU
		{63619EA4-3DE3-49F4-B3AC-1C07971DA273}.Debug|Any CPU.Build.0 = Debug|Any CPU
		{63619EA4-3DE3-49F4-B3AC-1C07971DA273}.Release|Any CPU.ActiveCfg = Release|Any CPU
		{63619EA4-3DE3-49F4-B3AC-1C07971DA273}.Release|Any CPU.Build.0 = Release|Any CPU
	EndGlobalSection
	GlobalSection(SolutionProperties) = preSolution
		HideSolutionNode = FALSE
	EndGlobalSection
	GlobalSection(ExtensibilityGlobals) = postSolution
		SolutionGuid = {53DDE3F8-7296-482D-87BA-0424AFD27B51}
	EndGlobalSection
EndGlobal
